{
    "requires": true,
    "lockfileVersion": 1,
    "dependencies": {
        "nestjs-rate-limiter": {
            "version": "2.5.3",
            "resolved": "https://registry.npmjs.org/nestjs-rate-limiter/-/nestjs-rate-limiter-2.5.3.tgz",
            "integrity": "sha512-mSWW/A63lg8O3ISll5fFONy6HFUyrieBFJxDsfAct+YiXToUNF+yVXLhytqZ37H1eEls1Ln4yl+jUmkaVijhVQ==",
            "requires": {
                "rate-limiter-flexible": "2.1.10"
            }
        },
        "rate-limiter-flexible": {
            "version": "2.1.10",
            "resolved": "https://registry.npmjs.org/rate-limiter-flexible/-/rate-limiter-flexible-2.1.10.tgz",
            "integrity": "sha512-Pa+8TPD4xYaiCUB5K4a/+j2FHDUe4HP1g49JmKEmkOkhqPaeVqxJsZuuVaza/svSCOT+V73vtsyBiSFK/e1yXw=="
        }
    }
}
